// !$*UTF8*$!
{
	archiveVersion = 1;
	classes = {
	};
	objectVersion = 50;
	objects = {

/* Begin PBXBuildFile section */
		DEF32BB626DB2690007C2010 /* AppDelegate.swift in Sources */ = {isa = PBXBuildFile; fileRef = DEF32BB526DB2690007C2010 /* AppDelegate.swift */; };
		DEF32BB826DB2690007C2010 /* SceneDelegate.swift in Sources */ = {isa = PBXBuildFile; fileRef = DEF32BB726DB2690007C2010 /* SceneDelegate.swift */; };
		DEF32BBA26DB2690007C2010 /* ViewController.swift in Sources */ = {isa = PBXBuildFile; fileRef = DEF32BB926DB2690007C2010 /* ViewController.swift */; };
		DEF32BBD26DB2690007C2010 /* Main.storyboard in Resources */ = {isa = PBXBuildFile; fileRef = DEF32BBB26DB2690007C2010 /* Main.storyboard */; };
		DEF32BBF26DB2692007C2010 /* Assets.xcassets in Resources */ = {isa = PBXBuildFile; fileRef = DEF32BBE26DB2692007C2010 /* Assets.xcassets */; };
		DEF32BC226DB2692007C2010 /* LaunchScreen.storyboard in Resources */ = {isa = PBXBuildFile; fileRef = DEF32BC026DB2692007C2010 /* LaunchScreen.storyboard */; };
		DEF32BCD26DB2692007C2010 /* Macro_CalculatorTests.swift in Sources */ = {isa = PBXBuildFile; fileRef = DEF32BCC26DB2692007C2010 /* Macro_CalculatorTests.swift */; };
		DEF32BD826DB2692007C2010 /* Macro_CalculatorUITests.swift in Sources */ = {isa = PBXBuildFile; fileRef = DEF32BD726DB2692007C2010 /* Macro_CalculatorUITests.swift */; };
/* End PBXBuildFile section */

/* Begin PBXContainerItemProxy section */
		DEF32BC926DB2692007C2010 /* PBXContainerItemProxy */ = {
			isa = PBXContainerItemProxy;
			containerPortal = DEF32BAA26DB2690007C2010 /* Project object */;
			proxyType = 1;
			remoteGlobalIDString = DEF32BB126DB2690007C2010;
			remoteInfo = "Macro Calculator";
		};
		DEF32BD426DB2692007C2010 /* PBXContainerItemProxy */ = {
			isa = PBXContainerItemProxy;
			containerPortal = DEF32BAA26DB2690007C2010 /* Project object */;
			proxyType = 1;
			remoteGlobalIDString = DEF32BB126DB2690007C2010;
			remoteInfo = "Macro Calculator";
		};
/* End PBXContainerItemProxy section */

/* Begin PBXFileReference section */
		DEF32BB226DB2690007C2010 /* Macro Calculator.app */ = {isa = PBXFileReference; explicitFileType = wrapper.application; includeInIndex = 0; path = "Macro Calculator.app"; sourceTree = BUILT_PRODUCTS_DIR; };
		DEF32BB526DB2690007C2010 /* AppDelegate.swift */ = {isa = PBXFileReference; lastKnownFileType = sourcecode.swift; path = AppDelegate.swift; sourceTree = "<group>"; };
		DEF32BB726DB2690007C2010 /* SceneDelegate.swift */ = {isa = PBXFileReference; lastKnownFileType = sourcecode.swift; path = SceneDelegate.swift; sourceTree = "<group>"; };
		DEF32BB926DB2690007C2010 /* ViewController.swift */ = {isa = PBXFileReference; lastKnownFileType = sourcecode.swift; path = ViewController.swift; sourceTree = "<group>"; };
		DEF32BBC26DB2690007C2010 /* Base */ = {isa = PBXFileReference; lastKnownFileType = file.storyboard; name = Base; path = Base.lproj/Main.storyboard; sourceTree = "<group>"; };
		DEF32BBE26DB2692007C2010 /* Assets.xcassets */ = {isa = PBXFileReference; lastKnownFileType = folder.assetcatalog; path = Assets.xcassets; sourceTree = "<group>"; };
		DEF32BC126DB2692007C2010 /* Base */ = {isa = PBXFileReference; lastKnownFileType = file.storyboard; name = Base; path = Base.lproj/LaunchScreen.storyboard; sourceTree = "<group>"; };
		DEF32BC326DB2692007C2010 /* Info.plist */ = {isa = PBXFileReference; lastKnownFileType = text.plist.xml; path = Info.plist; sourceTree = "<group>"; };
		DEF32BC826DB2692007C2010 /* Macro CalculatorTests.xctest */ = {isa = PBXFileReference; explicitFileType = wrapper.cfbundle; includeInIndex = 0; path = "Macro CalculatorTests.xctest"; sourceTree = BUILT_PRODUCTS_DIR; };
		DEF32BCC26DB2692007C2010 /* Macro_CalculatorTests.swift */ = {isa = PBXFileReference; lastKnownFileType = sourcecode.swift; path = Macro_CalculatorTests.swift; sourceTree = "<group>"; };
		DEF32BCE26DB2692007C2010 /* Info.plist */ = {isa = PBXFileReference; lastKnownFileType = text.plist.xml; path = Info.plist; sourceTree = "<group>"; };
		DEF32BD326DB2692007C2010 /* Macro CalculatorUITests.xctest */ = {isa = PBXFileReference; explicitFileType = wrapper.cfbundle; includeInIndex = 0; path = "Macro CalculatorUITests.xctest"; sourceTree = BUILT_PRODUCTS_DIR; };
		DEF32BD726DB2692007C2010 /* Macro_CalculatorUITests.swift */ = {isa = PBXFileReference; lastKnownFileType = sourcecode.swift; path = Macro_CalculatorUITests.swift; sourceTree = "<group>"; };
		DEF32BD926DB2692007C2010 /* Info.plist */ = {isa = PBXFileReference; lastKnownFileType = text.plist.xml; path = Info.plist; sourceTree = "<group>"; };
/* End PBXFileReference section */

/* Begin PBXFrameworksBuildPhase section */
		DEF32BAF26DB2690007C2010 /* Frameworks */ = {
			isa = PBXFrameworksBuildPhase;
			buildActionMask = 2147483647;
			files = (
			);
			runOnlyForDeploymentPostprocessing = 0;
		};
		DEF32BC526DB2692007C2010 /* Frameworks */ = {
			isa = PBXFrameworksBuildPhase;
			buildActionMask = 2147483647;
			files = (
			);
			runOnlyForDeploymentPostprocessing = 0;
		};
		DEF32BD026DB2692007C2010 /* Frameworks */ = {
			isa = PBXFrameworksBuildPhase;
			buildActionMask = 2147483647;
			files = (
			);
			runOnlyForDeploymentPostprocessing = 0;
		};
/* End PBXFrameworksBuildPhase section */

/* Begin PBXGroup section */
		DEF32BA926DB2690007C2010 = {
			isa = PBXGroup;
			children = (
				DEF32BB426DB2690007C2010 /* Macro Calculator */,
				DEF32BCB26DB2692007C2010 /* Macro CalculatorTests */,
				DEF32BD626DB2692007C2010 /* Macro CalculatorUITests */,
				DEF32BB326DB2690007C2010 /* Products */,
			);
			sourceTree = "<group>";
		};
		DEF32BB326DB2690007C2010 /* Products */ = {
			isa = PBXGroup;
			children = (
				DEF32BB226DB2690007C2010 /* Macro Calculator.app */,
				DEF32BC826DB2692007C2010 /* Macro CalculatorTests.xctest */,
				DEF32BD326DB2692007C2010 /* Macro CalculatorUITests.xctest */,
			);
			name = Products;
			sourceTree = "<group>";
		};
		DEF32BB426DB2690007C2010 /* Macro Calculator */ = {
			isa = PBXGroup;
			children = (
				DEF32BB526DB2690007C2010 /* AppDelegate.swift */,
				DEF32BB726DB2690007C2010 /* SceneDelegate.swift */,
				DEF32BB926DB2690007C2010 /* ViewController.swift */,
				DEF32BBB26DB2690007C2010 /* Main.storyboard */,
				DEF32BBE26DB2692007C2010 /* Assets.xcassets */,
				DEF32BC026DB2692007C2010 /* LaunchScreen.storyboard */,
				DEF32BC326DB2692007C2010 /* Info.plist */,
			);
			path = "Macro Calculator";
			sourceTree = "<group>";
		};
		DEF32BCB26DB2692007C2010 /* Macro CalculatorTests */ = {
			isa = PBXGroup;
			children = (
				DEF32BCC26DB2692007C2010 /* Macro_CalculatorTests.swift */,
				DEF32BCE26DB2692007C2010 /* Info.plist */,
			);
			path = "Macro CalculatorTests";
			sourceTree = "<group>";
		};
		DEF32BD626DB2692007C2010 /* Macro CalculatorUITests */ = {
			isa = PBXGroup;
			children = (
				DEF32BD726DB2692007C2010 /* Macro_CalculatorUITests.swift */,
				DEF32BD926DB2692007C2010 /* Info.plist */,
			);
			path = "Macro CalculatorUITests";
			sourceTree = "<group>";
		};
/* End PBXGroup section */

/* Begin PBXNativeTarget section */
		DEF32BB126DB2690007C2010 /* Macro Calculator */ = {
			isa = PBXNativeTarget;
			buildConfigurationList = DEF32BDC26DB2692007C2010 /* Build configuration list for PBXNativeTarget "Macro Calculator" */;
			buildPhases = (
				DEF32BAE26DB2690007C2010 /* Sources */,
				DEF32BAF26DB2690007C2010 /* Frameworks */,
				DEF32BB026DB2690007C2010 /* Resources */,
			);
			buildRules = (
			);
			dependencies = (
			);
			name = "Macro Calculator";
			productName = "Macro Calculator";
			productReference = DEF32BB226DB2690007C2010 /* Macro Calculator.app */;
			productType = "com.apple.product-type.application";
		};
		DEF32BC726DB2692007C2010 /* Macro CalculatorTests */ = {
			isa = PBXNativeTarget;
			buildConfigurationList = DEF32BDF26DB2692007C2010 /* Build configuration list for PBXNativeTarget "Macro CalculatorTests" */;
			buildPhases = (
				DEF32BC426DB2692007C2010 /* Sources */,
				DEF32BC526DB2692007C2010 /* Frameworks */,
				DEF32BC626DB2692007C2010 /* Resources */,
			);
			buildRules = (
			);
			dependencies = (
				DEF32BCA26DB2692007C2010 /* PBXTargetDependency */,
			);
			name = "Macro CalculatorTests";
			productName = "Macro CalculatorTests";
			productReference = DEF32BC826DB2692007C2010 /* Macro CalculatorTests.xctest */;
			productType = "com.apple.product-type.bundle.unit-test";
		};
		DEF32BD226DB2692007C2010 /* Macro CalculatorUITests */ = {
			isa = PBXNativeTarget;
			buildConfigurationList = DEF32BE226DB2692007C2010 /* Build configuration list for PBXNativeTarget "Macro CalculatorUITests" */;
			buildPhases = (
				DEF32BCF26DB2692007C2010 /* Sources */,
				DEF32BD026DB2692007C2010 /* Frameworks */,
				DEF32BD126DB2692007C2010 /* Resources */,
			);
			buildRules = (
			);
			dependencies = (
				DEF32BD526DB2692007C2010 /* PBXTargetDependency */,
			);
			name = "Macro CalculatorUITests";
			productName = "Macro CalculatorUITests";
			productReference = DEF32BD326DB2692007C2010 /* Macro CalculatorUITests.xctest */;
			productType = "com.apple.product-type.bundle.ui-testing";
		};
/* End PBXNativeTarget section */

/* Begin PBXProject section */
		DEF32BAA26DB2690007C2010 /* Project object */ = {
			isa = PBXProject;
			attributes = {
				LastSwiftUpdateCheck = 1150;
				LastUpgradeCheck = 1150;
				ORGANIZATIONNAME = "Bryan Hernandez";
				TargetAttributes = {
					DEF32BB126DB2690007C2010 = {
						CreatedOnToolsVersion = 11.5;
					};
					DEF32BC726DB2692007C2010 = {
						CreatedOnToolsVersion = 11.5;
						TestTargetID = DEF32BB126DB2690007C2010;
					};
					DEF32BD226DB2692007C2010 = {
						CreatedOnToolsVersion = 11.5;
						TestTargetID = DEF32BB126DB2690007C2010;
					};
				};
			};
			buildConfigurationList = DEF32BAD26DB2690007C2010 /* Build configuration list for PBXProject "Macro Calculator" */;
			compatibilityVersion = "Xcode 9.3";
			developmentRegion = en;
			hasScannedForEncodings = 0;
			knownRegions = (
				en,
				Base,
			);
			mainGroup = DEF32BA926DB2690007C2010;
			productRefGroup = DEF32BB326DB2690007C2010 /* Products */;
			projectDirPath = "";
			projectRoot = "";
			targets = (
				DEF32BB126DB2690007C2010 /* Macro Calculator */,
				DEF32BC726DB2692007C2010 /* Macro CalculatorTests */,
				DEF32BD226DB2692007C2010 /* Macro CalculatorUITests */,
			);
		};
/* End PBXProject section */

/* Begin PBXResourcesBuildPhase section */
		DEF32BB026DB2690007C2010 /* Resources */ = {
			isa = PBXResourcesBuildPhase;
			buildActionMask = 2147483647;
			files = (
				DEF32BC226DB2692007C2010 /* LaunchScreen.storyboard in Resources */,
				DEF32BBF26DB2692007C2010 /* Assets.xcassets in Resources */,
				DEF32BBD26DB2690007C2010 /* Main.storyboard in Resources */,
			);
			runOnlyForDeploymentPostprocessing = 0;
		};
		DEF32BC626DB2692007C2010 /* Resources */ = {
			isa = PBXResourcesBuildPhase;
			buildActionMask = 2147483647;
			files = (
			);
			runOnlyForDeploymentPostprocessing = 0;
		};
		DEF32BD126DB2692007C2010 /* Resources */ = {
			isa = PBXResourcesBuildPhase;
			buildActionMask = 2147483647;
			files = (
			);
			runOnlyForDeploymentPostprocessing = 0;
		};
/* End PBXResourcesBuildPhase section */

/* Begin PBXSourcesBuildPhase section */
		DEF32BAE26DB2690007C2010 /* Sources */ = {
			isa = PBXSourcesBuildPhase;
			buildActionMask = 2147483647;
			files = (
				DEF32BBA26DB2690007C2010 /* ViewController.swift in Sources */,
				DEF32BB626DB2690007C2010 /* AppDelegate.swift in Sources */,
				DEF32BB826DB2690007C2010 /* SceneDelegate.swift in Sources */,
			);
			runOnlyForDeploymentPostprocessing = 0;
		};
		DEF32BC426DB2692007C2010 /* Sources */ = {
			isa = PBXSourcesBuildPhase;
			buildActionMask = 2147483647;
			files = (
				DEF32BCD26DB2692007C2010 /* Macro_CalculatorTests.swift in Sources */,
			);
			runOnlyForDeploymentPostprocessing = 0;
		};
		DEF32BCF26DB2692007C2010 /* Sources */ = {
			isa = PBXSourcesBuildPhase;
			buildActionMask = 2147483647;
			files = (
				DEF32BD826DB2692007C2010 /* Macro_CalculatorUITests.swift in Sources */,
			);
			runOnlyForDeploymentPostprocessing = 0;
		};
/* End PBXSourcesBuildPhase section */

/* Begin PBXTargetDependency section */
		DEF32BCA26DB2692007C2010 /* PBXTargetDependency */ = {
			isa = PBXTargetDependency;
			target = DEF32BB126DB2690007C2010 /* Macro Calculator */;
			targetProxy = DEF32BC926DB2692007C2010 /* PBXContainerItemProxy */;
		};
		DEF32BD526DB2692007C2010 /* PBXTargetDependency */ = {
			isa = PBXTargetDependency;
			target = DEF32BB126DB2690007C2010 /* Macro Calculator */;
			targetProxy = DEF32BD426DB2692007C2010 /* PBXContainerItemProxy */;
		};
/* End PBXTargetDependency section */

/* Begin PBXVariantGroup section */
		DEF32BBB26DB2690007C2010 /* Main.storyboard */ = {
			isa = PBXVariantGroup;
			children = (
				DEF32BBC26DB2690007C2010 /* Base */,
			);
			name = Main.storyboard;
			sourceTree = "<group>";
		};
		DEF32BC026DB2692007C2010 /* LaunchScreen.storyboard */ = {
			isa = PBXVariantGroup;
			children = (
				DEF32BC126DB2692007C2010 /* Base */,
			);
			name = LaunchScreen.storyboard;
			sourceTree = "<group>";
		};
/* End PBXVariantGroup section */

/* Begin XCBuildConfiguration section */
		DEF32BDA26DB2692007C2010 /* Debug */ = {
			isa = XCBuildConfiguration;
			buildSettings = {
				ALWAYS_SEARCH_USER_PATHS = NO;
				CLANG_ANALYZER_NONNULL = YES;
				CLANG_ANALYZER_NUMBER_OBJECT_CONVERSION = YES_AGGRESSIVE;
				CLANG_CXX_LANGUAGE_STANDARD = "gnu++14";
				CLANG_CXX_LIBRARY = "libc++";
				CLANG_ENABLE_MODULES = YES;
				CLANG_ENABLE_OBJC_ARC = YES;
				CLANG_ENABLE_OBJC_WEAK = YES;
				CLANG_WARN_BLOCK_CAPTURE_AUTORELEASING = YES;
				CLANG_WARN_BOOL_CONVERSION = YES;
				CLANG_WARN_COMMA = YES;
				CLANG_WARN_CONSTANT_CONVERSION = YES;
				CLANG_WARN_DEPRECATED_OBJC_IMPLEMENTATIONS = YES;
				CLANG_WARN_DIRECT_OBJC_ISA_USAGE = YES_ERROR;
				CLANG_WARN_DOCUMENTATION_COMMENTS = YES;
				CLANG_WARN_EMPTY_BODY = YES;
				CLANG_WARN_ENUM_CONVERSION = YES;
				CLANG_WARN_INFINITE_RECURSION = YES;
				CLANG_WARN_INT_CONVERSION = YES;
				CLANG_WARN_NON_LITERAL_NULL_CONVERSION = YES;
				CLANG_WARN_OBJC_IMPLICIT_RETAIN_SELF = YES;
				CLANG_WARN_OBJC_LITERAL_CONVERSION = YES;
				CLANG_WARN_OBJC_ROOT_CLASS = YES_ERROR;
				CLANG_WARN_RANGE_LOOP_ANALYSIS = YES;
				CLANG_WARN_STRICT_PROTOTYPES = YES;
				CLANG_WARN_SUSPICIOUS_MOVE = YES;
				CLANG_WARN_UNGUARDED_AVAILABILITY = YES_AGGRESSIVE;
				CLANG_WARN_UNREACHABLE_CODE = YES;
				CLANG_WARN__DUPLICATE_METHOD_MATCH = YES;
				COPY_PHASE_STRIP = NO;
				DEBUG_INFORMATION_FORMAT = dwarf;
				ENABLE_STRICT_OBJC_MSGSEND = YES;
				ENABLE_TESTABILITY = YES;
				GCC_C_LANGUAGE_STANDARD = gnu11;
				GCC_DYNAMIC_NO_PIC = NO;
				GCC_NO_COMMON_BLOCKS = YES;
				GCC_OPTIMIZATION_LEVEL = 0;
				GCC_PREPROCESSOR_DEFINITIONS = (
					"DEBUG=1",
					"$(inherited)",
				);
				GCC_WARN_64_TO_32_BIT_CONVERSION = YES;
				GCC_WARN_ABOUT_RETURN_TYPE = YES_ERROR;
				GCC_WARN_UNDECLARED_SELECTOR = YES;
				GCC_WARN_UNINITIALIZED_AUTOS = YES_AGGRESSIVE;
				GCC_WARN_UNUSED_FUNCTION = YES;
				GCC_WARN_UNUSED_VARIABLE = YES;
				IPHONEOS_DEPLOYMENT_TARGET = 13.5;
				MTL_ENABLE_DEBUG_INFO = INCLUDE_SOURCE;
				MTL_FAST_MATH = YES;
				ONLY_ACTIVE_ARCH = YES;
				SDKROOT = iphoneos;
				SWIFT_ACTIVE_COMPILATION_CONDITIONS = DEBUG;
				SWIFT_OPTIMIZATION_LEVEL = "-Onone";
			};
			name = Debug;
		};
		DEF32BDB26DB2692007C2010 /* Release */ = {
			isa = XCBuildConfiguration;
			buildSettings = {
				ALWAYS_SEARCH_USER_PATHS = NO;
				CLANG_ANALYZER_NONNULL = YES;
				CLANG_ANALYZER_NUMBER_OBJECT_CONVERSION = YES_AGGRESSIVE;
				CLANG_CXX_LANGUAGE_STANDARD = "gnu++14";
				CLANG_CXX_LIBRARY = "libc++";
				CLANG_ENABLE_MODULES = YES;
				CLANG_ENABLE_OBJC_ARC = YES;
				CLANG_ENABLE_OBJC_WEAK = YES;
				CLANG_WARN_BLOCK_CAPTURE_AUTORELEASING = YES;
				CLANG_WARN_BOOL_CONVERSION = YES;
				CLANG_WARN_COMMA = YES;
				CLANG_WARN_CONSTANT_CONVERSION = YES;
				CLANG_WARN_DEPRECATED_OBJC_IMPLEMENTATIONS = YES;
				CLANG_WARN_DIRECT_OBJC_ISA_USAGE = YES_ERROR;
				CLANG_WARN_DOCUMENTATION_COMMENTS = YES;
				CLANG_WARN_EMPTY_BODY = YES;
				CLANG_WARN_ENUM_CONVERSION = YES;
				CLANG_WARN_INFINITE_RECURSION = YES;
				CLANG_WARN_INT_CONVERSION = YES;
				CLANG_WARN_NON_LITERAL_NULL_CONVERSION = YES;
				CLANG_WARN_OBJC_IMPLICIT_RETAIN_SELF = YES;
				CLANG_WARN_OBJC_LITERAL_CONVERSION = YES;
				CLANG_WARN_OBJC_ROOT_CLASS = YES_ERROR;
				CLANG_WARN_RANGE_LOOP_ANALYSIS = YES;
				CLANG_WARN_STRICT_PROTOTYPES = YES;
				CLANG_WARN_SUSPICIOUS_MOVE = YES;
				CLANG_WARN_UNGUARDED_AVAILABILITY = YES_AGGRESSIVE;
				CLANG_WARN_UNREACHABLE_CODE = YES;
				CLANG_WARN__DUPLICATE_METHOD_MATCH = YES;
				COPY_PHASE_STRIP = NO;
				DEBUG_INFORMATION_FORMAT = "dwarf-with-dsym";
				ENABLE_NS_ASSERTIONS = NO;
				ENABLE_STRICT_OBJC_MSGSEND = YES;
				GCC_C_LANGUAGE_STANDARD = gnu11;
				GCC_NO_COMMON_BLOCKS = YES;
				GCC_WARN_64_TO_32_BIT_CONVERSION = YES;
				GCC_WARN_ABOUT_RETURN_TYPE = YES_ERROR;
				GCC_WARN_UNDECLARED_SELECTOR = YES;
				GCC_WARN_UNINITIALIZED_AUTOS = YES_AGGRESSIVE;
				GCC_WARN_UNUSED_FUNCTION = YES;
				GCC_WARN_UNUSED_VARIABLE = YES;
				IPHONEOS_DEPLOYMENT_TARGET = 13.5;
				MTL_ENABLE_DEBUG_INFO = NO;
				MTL_FAST_MATH = YES;
				SDKROOT = iphoneos;
				SWIFT_COMPILATION_MODE = wholemodule;
				SWIFT_OPTIMIZATION_LEVEL = "-O";
				VALIDATE_PRODUCT = YES;
			};
			name = Release;
		};
		DEF32BDD26DB2692007C2010 /* Debug */ = {
			isa = XCBuildConfiguration;
			buildSettings = {
				ASSETCATALOG_COMPILER_APPICON_NAME = AppIcon;
				CODE_SIGN_STYLE = Automatic;
				DEVELOPMENT_TEAM = N9P7CCFZDJ;
				INFOPLIST_FILE = "Macro Calculator/Info.plist";
				LD_RUNPATH_SEARCH_PATHS = (
					"$(inherited)",
					"@executable_path/Frameworks",
				);
				PRODUCT_BUNDLE_IDENTIFIER = "bryanhernandez.Macro-Calculator";
				PRODUCT_NAME = "$(TARGET_NAME)";
				SWIFT_VERSION = 5.0;
				TARGETED_DEVICE_FAMILY = "1,2";
			};
			name = Debug;
		};
		DEF32BDE26DB2692007C2010 /* Release */ = {
			isa = XCBuildConfiguration;
			buildSettings = {
				ASSETCATALOG_COMPILER_APPICON_NAME = AppIcon;
				CODE_SIGN_STYLE = Automatic;
				DEVELOPMENT_TEAM = N9P7CCFZDJ;
				INFOPLIST_FILE = "Macro Calculator/Info.plist";
				LD_RUNPATH_SEARCH_PATHS = (
					"$(inherited)",
					"@executable_path/Frameworks",
				);
				PRODUCT_BUNDLE_IDENTIFIER = "bryanhernandez.Macro-Calculator";
				PRODUCT_NAME = "$(TARGET_NAME)";
				SWIFT_VERSION = 5.0;
				TARGETED_DEVICE_FAMILY = "1,2";
			};
			name = Release;
		};
		DEF32BE026DB2692007C2010 /* Debug */ = {
			isa = XCBuildConfiguration;
			buildSettings = {
				ALWAYS_EMBED_SWIFT_STANDARD_LIBRARIES = YES;
				BUNDLE_LOADER = "$(TEST_HOST)";
				CODE_SIGN_STYLE = Automatic;
				DEVELOPMENT_TEAM = N9P7CCFZDJ;
				INFOPLIST_FILE = "Macro CalculatorTests/Info.plist";
				IPHONEOS_DEPLOYMENT_TARGET = 13.5;
				LD_RUNPATH_SEARCH_PATHS = (
					"$(inherited)",
					"@executable_path/Frameworks",
					"@loader_path/Frameworks",
				);
				PRODUCT_BUNDLE_IDENTIFIER = "bryanhernandez.Macro-CalculatorTests";
				PRODUCT_NAME = "$(TARGET_NAME)";
				SWIFT_VERSION = 5.0;
				TARGETED_DEVICE_FAMILY = "1,2";
				TEST_HOST = "$(BUILT_PRODUCTS_DIR)/Macro Calculator.app/Macro Calculator";
			};
			name = Debug;
		};
		DEF32BE126DB2692007C2010 /* Release */ = {
			isa = XCBuildConfiguration;
			buildSettings = {
				ALWAYS_EMBED_SWIFT_STANDARD_LIBRARIES = YES;
				BUNDLE_LOADER = "$(TEST_HOST)";
				CODE_SIGN_STYLE = Automatic;
				DEVELOPMENT_TEAM = N9P7CCFZDJ;
				INFOPLIST_FILE = "Macro CalculatorTests/Info.plist";
				IPHONEOS_DEPLOYMENT_TARGET = 13.5;
				LD_RUNPATH_SEARCH_PATHS = (
					"$(inherited)",
					"@executable_path/Frameworks",
					"@loader_path/Frameworks",
				);
				PRODUCT_BUNDLE_IDENTIFIER = "bryanhernandez.Macro-CalculatorTests";
				PRODUCT_NAME = "$(TARGET_NAME)";
				SWIFT_VERSION = 5.0;
				TARGETED_DEVICE_FAMILY = "1,2";
				TEST_HOST = "$(BUILT_PRODUCTS_DIR)/Macro Calculator.app/Macro Calculator";
			};
			name = Release;
		};
		DEF32BE326DB2692007C2010 /* Debug */ = {
			isa = XCBuildConfiguration;
			buildSettings = {
				ALWAYS_EMBED_SWIFT_STANDARD_LIBRARIES = YES;
				CODE_SIGN_STYLE = Automatic;
				DEVELOPMENT_TEAM = N9P7CCFZDJ;
				INFOPLIST_FILE = "Macro CalculatorUITests/Info.plist";
				LD_RUNPATH_SEARCH_PATHS = (
					"$(inherited)",
					"@executable_path/Frameworks",
					"@loader_path/Frameworks",
				);
				PRODUCT_BUNDLE_IDENTIFIER = "bryanhernandez.Macro-CalculatorUITests";
				PRODUCT_NAME = "$(TARGET_NAME)";
				SWIFT_VERSION = 5.0;
				TARGETED_DEVICE_FAMILY = "1,2";
				TEST_TARGET_NAME = "Macro Calculator";
			};
			name = Debug;
		};
		DEF32BE426DB2692007C2010 /* Release */ = {
			isa = XCBuildConfiguration;
			buildSettings = {
				ALWAYS_EMBED_SWIFT_STANDARD_LIBRARIES = YES;
				CODE_SIGN_STYLE = Automatic;
				DEVELOPMENT_TEAM = N9P7CCFZDJ;
				INFOPLIST_FILE = "Macro CalculatorUITests/Info.plist";
				LD_RUNPATH_SEARCH_PATHS = (
					"$(inherited)",
					"@executable_path/Frameworks",
					"@loader_path/Frameworks",
				);
				PRODUCT_BUNDLE_IDENTIFIER = "bryanhernandez.Macro-CalculatorUITests";
				PRODUCT_NAME = "$(TARGET_NAME)";
				SWIFT_VERSION = 5.0;
				TARGETED_DEVICE_FAMILY = "1,2";
				TEST_TARGET_NAME = "Macro Calculator";
			};
			name = Release;
		};
/* End XCBuildConfiguration section */

/* Begin XCConfigurationList section */
		DEF32BAD26DB2690007C2010 /* Build configuration list for PBXProject "Macro Calculator" */ = {
			isa = XCConfigurationList;
			buildConfigurations = (
				DEF32BDA26DB2692007C2010 /* Debug */,
				DEF32BDB26DB2692007C2010 /* Release */,
			);
			defaultConfigurationIsVisible = 0;
			defaultConfigurationName = Release;
		};
		DEF32BDC26DB2692007C2010 /* Build configuration list for PBXNativeTarget "Macro Calculator" */ = {
			isa = XCConfigurationList;
			buildConfigurations = (
				DEF32BDD26DB2692007C2010 /* Debug */,
				DEF32BDE26DB2692007C2010 /* Release */,
			);
			defaultConfigurationIsVisible = 0;
			defaultConfigurationName = Release;
		};
		DEF32BDF26DB2692007C2010 /* Build configuration list for PBXNativeTarget "Macro CalculatorTests" */ = {
			isa = XCConfigurationList;
			buildConfigurations = (
				DEF32BE026DB2692007C2010 /* Debug */,
				DEF32BE126DB2692007C2010 /* Release */,
			);
			defaultConfigurationIsVisible = 0;
			defaultConfigurationName = Release;
		};
		DEF32BE226DB2692007C2010 /* Build configuration list for PBXNativeTarget "Macro CalculatorUITests" */ = {
			isa = XCConfigurationList;
			buildConfigurations = (
				DEF32BE326DB2692007C2010 /* Debug */,
				DEF32BE426DB2692007C2010 /* Release */,
			);
			defaultConfigurationIsVisible = 0;
			defaultConfigurationName = Release;
		};
/* End XCConfigurationList section */
	};
	rootObject = DEF32BAA26DB2690007C2010 /* Project object */;
}
